Microsoft Visual Studio Solution File, Format Version 12.00
# Visual Studio Version 17
VisualStudioVersion = 17.5.2.0
MinimumVisualStudioVersion = 10.0.40219.1
Project("{FAE04EC0-301F-11D3-BF4B-00C04F79EFBC}") = "RangerAi", "ranger-api\RangerAi.csproj", "{7CADDBAD-9A39-BFE6-97D1-BA8339A21DD6}"
EndProject
Global
	GlobalSection(SolutionConfigurationPlatforms) = preSolution
		Debug|Any CPU = Debug|Any CPU
		Release|Any CPU = Release|Any CPU
	EndGlobalSection
	GlobalSection(ProjectConfigurationPlatforms) = postSolution
		{7CADDBAD-9A39-BFE6-97D1-BA8339A21DD6}.Debug|Any CPU.ActiveCfg = Debug|Any CPU
		{7CADDBAD-9A39-BFE6-97D1-BA8339A21DD6}.Debug|Any CPU.Build.0 = Debug|Any CPU
		{7CADDBAD-9A39-BFE6-97D1-BA8339A21DD6}.Release|Any CPU.ActiveCfg = Release|Any CPU
		{7CADDBAD-9A39-BFE6-97D1-BA8339A21DD6}.Release|Any CPU.Build.0 = Release|Any CPU
	EndGlobalSection
	GlobalSection(SolutionProperties) = preSolution
		HideSolutionNode = FALSE
	EndGlobalSection
	GlobalSection(ExtensibilityGlobals) = postSolution
		SolutionGuid = {BC376FE3-1972-483B-948B-F7B1AB8C403C}
	EndGlobalSection
EndGlobal
